
Microsoft Visual Studio Solution File, Format Version 12.00
# Visual Studio 2015
Project("{FAE04EC0-301F-11D3-BF4B-00C04F79EFBC}") = "CaveDwellers_Unity.CSharp", "CaveDwellers_Unity.CSharp.csproj", "{335A6EE3-F381-B15E-DA9B-913D92206AE3}"
EndProject
Global
	GlobalSection(SolutionConfigurationPlatforms) = preSolution
		Debug|Any CPU = Debug|Any CPU
		Release|Any CPU = Release|Any CPU
	EndGlobalSection
	GlobalSection(ProjectConfigurationPlatforms) = postSolution
		{335A6EE3-F381-B15E-DA9B-913D92206AE3}.Debug|Any CPU.ActiveCfg = Debug|Any CPU
		{335A6EE3-F381-B15E-DA9B-913D92206AE3}.Debug|Any CPU.Build.0 = Debug|Any CPU
		{335A6EE3-F381-B15E-DA9B-913D92206AE3}.Release|Any CPU.ActiveCfg = Release|Any CPU
		{335A6EE3-F381-B15E-DA9B-913D92206AE3}.Release|Any CPU.Build.0 = Release|Any CPU
	EndGlobalSection
	GlobalSection(SolutionProperties) = preSolution
		HideSolutionNode = FALSE
	EndGlobalSection
EndGlobal
